
Microsoft Visual Studio Solution File, Format Version 12.00
# Visual Studio Version 17
VisualStudioVersion = 17.4.33213.308
MinimumVisualStudioVersion = 10.0.40219.1
Project("{FAE04EC0-301F-11D3-BF4B-00C04F79EFBC}") = "EJERCICIOS", "EJERCICIOS.csproj", "{2B78F1C8-26B5-459B-8427-00AC5F6B5703}"
EndProject
Global
	GlobalSection(SolutionConfigurationPlatforms) = preSolution
		Debug|Any CPU = Debug|Any CPU
		Release|Any CPU = Release|Any CPU
	EndGlobalSection
	GlobalSection(ProjectConfigurationPlatforms) = postSolution
		{2B78F1C8-26B5-459B-8427-00AC5F6B5703}.Debug|Any CPU.ActiveCfg = Debug|Any CPU
		{2B78F1C8-26B5-459B-8427-00AC5F6B5703}.Debug|Any CPU.Build.0 = Debug|Any CPU
		{2B78F1C8-26B5-459B-8427-00AC5F6B5703}.Release|Any CPU.ActiveCfg = Release|Any CPU
		{2B78F1C8-26B5-459B-8427-00AC5F6B5703}.Release|Any CPU.Build.0 = Release|Any CPU
	EndGlobalSection
	GlobalSection(SolutionProperties) = preSolution
		HideSolutionNode = FALSE
	EndGlobalSection
	GlobalSection(ExtensibilityGlobals) = postSolution
		SolutionGuid = {CB578A41-8FD1-48AB-A1B2-E58CC01057C1}
	EndGlobalSection
EndGlobal
